
Microsoft Visual Studio Solution File, Format Version 12.00
# Visual Studio Version 17
VisualStudioVersion = 17.4.33213.308
MinimumVisualStudioVersion = 10.0.40219.1
Project("{2150E333-8FDC-42A3-9474-1A3956D46DE8}") = "src", "src", "{607410C8-04B6-477C-BEDB-BD85E2A2B27E}"
EndProject
Project("{9A19103F-16F7-4668-BE54-9A1E7A4F7556}") = "WSM.SourceGenerator.Gen", "src\WSM.SourceGenerator.Gen\WSM.SourceGenerator.Gen.csproj", "{52CB5E1B-EF12-4D47-B190-88D22A4FD90D}"
EndProject
Project("{9A19103F-16F7-4668-BE54-9A1E7A4F7556}") = "WSM.SourceGenerator.Lib", "src\WSM.SourceGenerator.Lib\WSM.SourceGenerator.Lib.csproj", "{036FB274-3A00-4F2E-A2BB-862CB6308C9D}"
EndProject
Project("{2150E333-8FDC-42A3-9474-1A3956D46DE8}") = "samples", "samples", "{26368B50-7BEC-4DC7-B2C6-0C7AC49E2DB0}"
EndProject
Project("{9A19103F-16F7-4668-BE54-9A1E7A4F7556}") = "WSM.SourceGenerator.Demo.SharedModels", "samples\WSM.SourceGenerator.Demo.SharedModels\WSM.SourceGenerator.Demo.SharedModels.csproj", "{A1AC1895-B065-4E35-9572-BE2F50E9FB5F}"
EndProject
Project("{9A19103F-16F7-4668-BE54-9A1E7A4F7556}") = "WSM.SourceGenerator.Demo.WebApi", "samples\WSM.SourceGenerator.Demo.WebApi\WSM.SourceGenerator.Demo.WebApi.csproj", "{5F57BD2C-05D4-4ABF-BB81-B322E65E5375}"
EndProject
Project("{9A19103F-16F7-4668-BE54-9A1E7A4F7556}") = "WSM.SourceGenerator.Demo.Client", "samples\WSM.SourceGenerator.Demo.Client\WSM.SourceGenerator.Demo.Client.csproj", "{9E7651AB-947F-4420-A2E7-FC9AB078F91B}"
EndProject
Project("{9A19103F-16F7-4668-BE54-9A1E7A4F7556}") = "WSM.SourceGenerator.Demo.Api", "samples\WSM.SourceGenerator.Demo.Api\WSM.SourceGenerator.Demo.Api.csproj", "{CBC00723-0C17-4F7C-BFBC-F335D2EEDF54}"
EndProject
Global
	GlobalSection(SolutionConfigurationPlatforms) = preSolution
		Debug|Any CPU = Debug|Any CPU
		Release|Any CPU = Release|Any CPU
	EndGlobalSection
	GlobalSection(ProjectConfigurationPlatforms) = postSolution
		{52CB5E1B-EF12-4D47-B190-88D22A4FD90D}.Debug|Any CPU.ActiveCfg = Debug|Any CPU
		{52CB5E1B-EF12-4D47-B190-88D22A4FD90D}.Debug|Any CPU.Build.0 = Debug|Any CPU
		{52CB5E1B-EF12-4D47-B190-88D22A4FD90D}.Release|Any CPU.ActiveCfg = Release|Any CPU
		{52CB5E1B-EF12-4D47-B190-88D22A4FD90D}.Release|Any CPU.Build.0 = Release|Any CPU
		{036FB274-3A00-4F2E-A2BB-862CB6308C9D}.Debug|Any CPU.ActiveCfg = Debug|Any CPU
		{036FB274-3A00-4F2E-A2BB-862CB6308C9D}.Debug|Any CPU.Build.0 = Debug|Any CPU
		{036FB274-3A00-4F2E-A2BB-862CB6308C9D}.Release|Any CPU.ActiveCfg = Release|Any CPU
		{036FB274-3A00-4F2E-A2BB-862CB6308C9D}.Release|Any CPU.Build.0 = Release|Any CPU
		{A1AC1895-B065-4E35-9572-BE2F50E9FB5F}.Debug|Any CPU.ActiveCfg = Debug|Any CPU
		{A1AC1895-B065-4E35-9572-BE2F50E9FB5F}.Debug|Any CPU.Build.0 = Debug|Any CPU
		{A1AC1895-B065-4E35-9572-BE2F50E9FB5F}.Release|Any CPU.ActiveCfg = Release|Any CPU
		{A1AC1895-B065-4E35-9572-BE2F50E9FB5F}.Release|Any CPU.Build.0 = Release|Any CPU
		{5F57BD2C-05D4-4ABF-BB81-B322E65E5375}.Debug|Any CPU.ActiveCfg = Debug|Any CPU
		{5F57BD2C-05D4-4ABF-BB81-B322E65E5375}.Debug|Any CPU.Build.0 = Debug|Any CPU
		{5F57BD2C-05D4-4ABF-BB81-B322E65E5375}.Release|Any CPU.ActiveCfg = Release|Any CPU
		{5F57BD2C-05D4-4ABF-BB81-B322E65E5375}.Release|Any CPU.Build.0 = Release|Any CPU
		{9E7651AB-947F-4420-A2E7-FC9AB078F91B}.Debug|Any CPU.ActiveCfg = Debug|Any CPU
		{9E7651AB-947F-4420-A2E7-FC9AB078F91B}.Debug|Any CPU.Build.0 = Debug|Any CPU
		{9E7651AB-947F-4420-A2E7-FC9AB078F91B}.Release|Any CPU.ActiveCfg = Release|Any CPU
		{9E7651AB-947F-4420-A2E7-FC9AB078F91B}.Release|Any CPU.Build.0 = Release|Any CPU
		{CBC00723-0C17-4F7C-BFBC-F335D2EEDF54}.Debug|Any CPU.ActiveCfg = Debug|Any CPU
		{CBC00723-0C17-4F7C-BFBC-F335D2EEDF54}.Debug|Any CPU.Build.0 = Debug|Any CPU
		{CBC00723-0C17-4F7C-BFBC-F335D2EEDF54}.Release|Any CPU.ActiveCfg = Release|Any CPU
		{CBC00723-0C17-4F7C-BFBC-F335D2EEDF54}.Release|Any CPU.Build.0 = Release|Any CPU
	EndGlobalSection
	GlobalSection(SolutionProperties) = preSolution
		HideSolutionNode = FALSE
	EndGlobalSection
	GlobalSection(NestedProjects) = preSolution
		{52CB5E1B-EF12-4D47-B190-88D22A4FD90D} = {607410C8-04B6-477C-BEDB-BD85E2A2B27E}
		{036FB274-3A00-4F2E-A2BB-862CB6308C9D} = {607410C8-04B6-477C-BEDB-BD85E2A2B27E}
		{A1AC1895-B065-4E35-9572-BE2F50E9FB5F} = {26368B50-7BEC-4DC7-B2C6-0C7AC49E2DB0}
		{5F57BD2C-05D4-4ABF-BB81-B322E65E5375} = {26368B50-7BEC-4DC7-B2C6-0C7AC49E2DB0}
		{9E7651AB-947F-4420-A2E7-FC9AB078F91B} = {26368B50-7BEC-4DC7-B2C6-0C7AC49E2DB0}
		{CBC00723-0C17-4F7C-BFBC-F335D2EEDF54} = {26368B50-7BEC-4DC7-B2C6-0C7AC49E2DB0}
	EndGlobalSection
	GlobalSection(ExtensibilityGlobals) = postSolution
		SolutionGuid = {3F1FB747-6A32-45B6-AC66-11661E61712B}
	EndGlobalSection
EndGlobal
